
Microsoft Visual Studio Solution File, Format Version 12.00
# Visual Studio 14
VisualStudioVersion = 14.0.25420.1
MinimumVisualStudioVersion = 10.0.40219.1
Project("{2150E333-8FDC-42A3-9474-1A3956D46DE8}") = "src", "src", "{531A4FC0-FE04-45C4-8E1E-92DAA23AA9C1}"
EndProject
Project("{2150E333-8FDC-42A3-9474-1A3956D46DE8}") = "Solution Items", "Solution Items", "{441BF9CC-9BA2-4B25-9641-F5D9F12443E7}"
	ProjectSection(SolutionItems) = preProject
		global.json = global.json
	EndProjectSection
EndProject
Project("{8BB2217D-0F2D-49D1-97BC-3654ED321F3B}") = "WebApplication1", "src\WebApplication1\WebApplication1.xproj", "{A4841A11-9D70-471A-8220-DBC08CCCBCD2}"
EndProject
Global
	GlobalSection(SolutionConfigurationPlatforms) = preSolution
		Debug|Any CPU = Debug|Any CPU
		Release|Any CPU = Release|Any CPU
	EndGlobalSection
	GlobalSection(ProjectConfigurationPlatforms) = postSolution
		{A4841A11-9D70-471A-8220-DBC08CCCBCD2}.Debug|Any CPU.ActiveCfg = Debug|Any CPU
		{A4841A11-9D70-471A-8220-DBC08CCCBCD2}.Debug|Any CPU.Build.0 = Debug|Any CPU
		{A4841A11-9D70-471A-8220-DBC08CCCBCD2}.Release|Any CPU.ActiveCfg = Release|Any CPU
		{A4841A11-9D70-471A-8220-DBC08CCCBCD2}.Release|Any CPU.Build.0 = Release|Any CPU
	EndGlobalSection
	GlobalSection(SolutionProperties) = preSolution
		HideSolutionNode = FALSE
	EndGlobalSection
	GlobalSection(NestedProjects) = preSolution
		{A4841A11-9D70-471A-8220-DBC08CCCBCD2} = {531A4FC0-FE04-45C4-8E1E-92DAA23AA9C1}
	EndGlobalSection
EndGlobal
